
Microsoft Visual Studio Solution File, Format Version 12.00
# Visual Studio Version 16
VisualStudioVersion = 16.0.30523.141
MinimumVisualStudioVersion = 10.0.40219.1
Project("{FAE04EC0-301F-11D3-BF4B-00C04F79EFBC}") = "WPFTest3", "WPFTest3.csproj", "{3AA856F2-1F81-43C6-89FB-89F421E3CF20}"
EndProject
Global
	GlobalSection(SolutionConfigurationPlatforms) = preSolution
		Debug|Any CPU = Debug|Any CPU
		Release|Any CPU = Release|Any CPU
	EndGlobalSection
	GlobalSection(ProjectConfigurationPlatforms) = postSolution
		{3AA856F2-1F81-43C6-89FB-89F421E3CF20}.Debug|Any CPU.ActiveCfg = Debug|Any CPU
		{3AA856F2-1F81-43C6-89FB-89F421E3CF20}.Debug|Any CPU.Build.0 = Debug|Any CPU
		{3AA856F2-1F81-43C6-89FB-89F421E3CF20}.Release|Any CPU.ActiveCfg = Release|Any CPU
		{3AA856F2-1F81-43C6-89FB-89F421E3CF20}.Release|Any CPU.Build.0 = Release|Any CPU
	EndGlobalSection
	GlobalSection(SolutionProperties) = preSolution
		HideSolutionNode = FALSE
	EndGlobalSection
	GlobalSection(ExtensibilityGlobals) = postSolution
		SolutionGuid = {6FC591D7-335E-4E12-8404-7219F5C4D563}
	EndGlobalSection
EndGlobal
